
Microsoft Visual Studio Solution File, Format Version 12.00
# Visual Studio Version 17
VisualStudioVersion = 17.3.32929.385
MinimumVisualStudioVersion = 10.0.40219.1
Project("{FAE04EC0-301F-11D3-BF4B-00C04F79EFBC}") = "tombola1", "tombola1\tombola1.csproj", "{00094022-9808-4466-96D8-9BE90CB0BF61}"
EndProject
Global
	GlobalSection(SolutionConfigurationPlatforms) = preSolution
		Debug|Any CPU = Debug|Any CPU
		Release|Any CPU = Release|Any CPU
	EndGlobalSection
	GlobalSection(ProjectConfigurationPlatforms) = postSolution
		{00094022-9808-4466-96D8-9BE90CB0BF61}.Debug|Any CPU.ActiveCfg = Debug|Any CPU
		{00094022-9808-4466-96D8-9BE90CB0BF61}.Debug|Any CPU.Build.0 = Debug|Any CPU
		{00094022-9808-4466-96D8-9BE90CB0BF61}.Release|Any CPU.ActiveCfg = Release|Any CPU
		{00094022-9808-4466-96D8-9BE90CB0BF61}.Release|Any CPU.Build.0 = Release|Any CPU
	EndGlobalSection
	GlobalSection(SolutionProperties) = preSolution
		HideSolutionNode = FALSE
	EndGlobalSection
	GlobalSection(ExtensibilityGlobals) = postSolution
		SolutionGuid = {DA941443-E400-4DCD-940E-C47C4F5C3D28}
	EndGlobalSection
EndGlobal
